
Microsoft Visual Studio Solution File, Format Version 12.00
# Visual Studio 15
VisualStudioVersion = 15.0.27130.2036
MinimumVisualStudioVersion = 10.0.40219.1
Project("{9A19103F-16F7-4668-BE54-9A1E7A4F7556}") = "StoreBackend", "StoreBackend\StoreBackend.csproj", "{90DC5C68-D586-409D-A112-47480630AEED}"
EndProject
Global
	GlobalSection(SolutionConfigurationPlatforms) = preSolution
		Debug|Any CPU = Debug|Any CPU
		Release|Any CPU = Release|Any CPU
	EndGlobalSection
	GlobalSection(ProjectConfigurationPlatforms) = postSolution
		{90DC5C68-D586-409D-A112-47480630AEED}.Debug|Any CPU.ActiveCfg = Debug|Any CPU
		{90DC5C68-D586-409D-A112-47480630AEED}.Debug|Any CPU.Build.0 = Debug|Any CPU
		{90DC5C68-D586-409D-A112-47480630AEED}.Release|Any CPU.ActiveCfg = Release|Any CPU
		{90DC5C68-D586-409D-A112-47480630AEED}.Release|Any CPU.Build.0 = Release|Any CPU
	EndGlobalSection
	GlobalSection(SolutionProperties) = preSolution
		HideSolutionNode = FALSE
	EndGlobalSection
	GlobalSection(ExtensibilityGlobals) = postSolution
		SolutionGuid = {6F95B4FF-1DEF-4A53-AD7D-E42D9E1CBACD}
	EndGlobalSection
EndGlobal
